
Microsoft Visual Studio Solution File, Format Version 12.00
# Visual Studio Version 17
VisualStudioVersion = 17.3.32901.215
MinimumVisualStudioVersion = 10.0.40219.1
Project("{2150E333-8FDC-42A3-9474-1A3956D46DE8}") = "src", "src", "{E74445DD-28F2-4920-961A-C3778DA73664}"
EndProject
Project("{2150E333-8FDC-42A3-9474-1A3956D46DE8}") = "doc", "doc", "{7B2AAD5E-368D-44EC-9215-418C718128CD}"
	ProjectSection(SolutionItems) = preProject
		.gitignore = .gitignore
		README.md = README.md
	EndProjectSection
EndProject
Project("{2150E333-8FDC-42A3-9474-1A3956D46DE8}") = "deploy", "deploy", "{8E178E6A-3786-4105-87DA-7523E146F09C}"
EndProject
Project("{2150E333-8FDC-42A3-9474-1A3956D46DE8}") = "test", "test", "{70D80D12-0F5B-4966-9543-5304131A9000}"
EndProject
Project("{2150E333-8FDC-42A3-9474-1A3956D46DE8}") = "unit", "unit", "{7F48B88A-6EC7-4AA2-84C5-CAC112F80102}"
EndProject
Project("{2150E333-8FDC-42A3-9474-1A3956D46DE8}") = "release", "release", "{EC9C2024-7F3E-4C94-B592-9BC6A96AB14E}"
EndProject
Project("{9A19103F-16F7-4668-BE54-9A1E7A4F7556}") = "AzureMessagingDemos", "src\AzureMessagingDemos\AzureMessagingDemos.csproj", "{839F007E-785F-4AFC-B327-D595C2FD5276}"
EndProject
Project("{9A19103F-16F7-4668-BE54-9A1E7A4F7556}") = "KafkaDemos", "src\KafkaDemos\KafkaDemos.csproj", "{84DC4B10-EC17-4B2F-97DB-B00CA1DEAB8C}"
EndProject
Project("{9A19103F-16F7-4668-BE54-9A1E7A4F7556}") = "KafkaFunc", "src\KafkaFunc\KafkaFunc.csproj", "{96909A6E-6A0C-48D2-AD31-0AEBCD27D69E}"
EndProject
Project("{FAE04EC0-301F-11D3-BF4B-00C04F79EFBC}") = "AzureDigitalTwinsUpdaterFunc", "src\AzureDigitalTwinsUpdaterFunc\AzureDigitalTwinsUpdaterFunc.csproj", "{C86D9D84-424E-42D6-80A3-CFF8F760B699}"
EndProject
Global
	GlobalSection(SolutionConfigurationPlatforms) = preSolution
		Debug|Any CPU = Debug|Any CPU
		Release|Any CPU = Release|Any CPU
	EndGlobalSection
	GlobalSection(ProjectConfigurationPlatforms) = postSolution
		{839F007E-785F-4AFC-B327-D595C2FD5276}.Debug|Any CPU.ActiveCfg = Debug|Any CPU
		{839F007E-785F-4AFC-B327-D595C2FD5276}.Debug|Any CPU.Build.0 = Debug|Any CPU
		{839F007E-785F-4AFC-B327-D595C2FD5276}.Release|Any CPU.ActiveCfg = Release|Any CPU
		{839F007E-785F-4AFC-B327-D595C2FD5276}.Release|Any CPU.Build.0 = Release|Any CPU
		{84DC4B10-EC17-4B2F-97DB-B00CA1DEAB8C}.Debug|Any CPU.ActiveCfg = Debug|Any CPU
		{84DC4B10-EC17-4B2F-97DB-B00CA1DEAB8C}.Debug|Any CPU.Build.0 = Debug|Any CPU
		{84DC4B10-EC17-4B2F-97DB-B00CA1DEAB8C}.Release|Any CPU.ActiveCfg = Release|Any CPU
		{84DC4B10-EC17-4B2F-97DB-B00CA1DEAB8C}.Release|Any CPU.Build.0 = Release|Any CPU
		{96909A6E-6A0C-48D2-AD31-0AEBCD27D69E}.Debug|Any CPU.ActiveCfg = Debug|Any CPU
		{96909A6E-6A0C-48D2-AD31-0AEBCD27D69E}.Debug|Any CPU.Build.0 = Debug|Any CPU
		{96909A6E-6A0C-48D2-AD31-0AEBCD27D69E}.Release|Any CPU.ActiveCfg = Release|Any CPU
		{96909A6E-6A0C-48D2-AD31-0AEBCD27D69E}.Release|Any CPU.Build.0 = Release|Any CPU
		{C86D9D84-424E-42D6-80A3-CFF8F760B699}.Debug|Any CPU.ActiveCfg = Debug|Any CPU
		{C86D9D84-424E-42D6-80A3-CFF8F760B699}.Debug|Any CPU.Build.0 = Debug|Any CPU
		{C86D9D84-424E-42D6-80A3-CFF8F760B699}.Release|Any CPU.ActiveCfg = Release|Any CPU
		{C86D9D84-424E-42D6-80A3-CFF8F760B699}.Release|Any CPU.Build.0 = Release|Any CPU
	EndGlobalSection
	GlobalSection(SolutionProperties) = preSolution
		HideSolutionNode = FALSE
	EndGlobalSection
	GlobalSection(NestedProjects) = preSolution
		{7F48B88A-6EC7-4AA2-84C5-CAC112F80102} = {70D80D12-0F5B-4966-9543-5304131A9000}
		{EC9C2024-7F3E-4C94-B592-9BC6A96AB14E} = {70D80D12-0F5B-4966-9543-5304131A9000}
		{839F007E-785F-4AFC-B327-D595C2FD5276} = {E74445DD-28F2-4920-961A-C3778DA73664}
		{84DC4B10-EC17-4B2F-97DB-B00CA1DEAB8C} = {E74445DD-28F2-4920-961A-C3778DA73664}
		{96909A6E-6A0C-48D2-AD31-0AEBCD27D69E} = {E74445DD-28F2-4920-961A-C3778DA73664}
		{C86D9D84-424E-42D6-80A3-CFF8F760B699} = {E74445DD-28F2-4920-961A-C3778DA73664}
	EndGlobalSection
	GlobalSection(ExtensibilityGlobals) = postSolution
		SolutionGuid = {F99521D6-99C8-41D7-83DC-3D5523498EE7}
	EndGlobalSection
EndGlobal
